
Microsoft Visual Studio Solution File, Format Version 12.00
# Visual Studio Version 17
VisualStudioVersion = 17.14.36414.22 d17.14
MinimumVisualStudioVersion = 10.0.40219.1
Project("{FAE04EC0-301F-11D3-BF4B-00C04F79EFBC}") = "Lab1.2", "Lab1.2.csproj", "{21FF5642-D0D8-461B-9856-93C57CCB02FE}"
EndProject
Global
	GlobalSection(SolutionConfigurationPlatforms) = preSolution
		Debug|Any CPU = Debug|Any CPU
		Release|Any CPU = Release|Any CPU
	EndGlobalSection
	GlobalSection(ProjectConfigurationPlatforms) = postSolution
		{21FF5642-D0D8-461B-9856-93C57CCB02FE}.Debug|Any CPU.ActiveCfg = Debug|Any CPU
		{21FF5642-D0D8-461B-9856-93C57CCB02FE}.Debug|Any CPU.Build.0 = Debug|Any CPU
		{21FF5642-D0D8-461B-9856-93C57CCB02FE}.Release|Any CPU.ActiveCfg = Release|Any CPU
		{21FF5642-D0D8-461B-9856-93C57CCB02FE}.Release|Any CPU.Build.0 = Release|Any CPU
	EndGlobalSection
	GlobalSection(SolutionProperties) = preSolution
		HideSolutionNode = FALSE
	EndGlobalSection
	GlobalSection(ExtensibilityGlobals) = postSolution
		SolutionGuid = {DA9100C7-B0D6-4200-B5A6-4526DB150F6A}
	EndGlobalSection
EndGlobal
