
Microsoft Visual Studio Solution File, Format Version 12.00
# Visual Studio Version 17
VisualStudioVersion = 17.14.36414.22 d17.14
MinimumVisualStudioVersion = 10.0.40219.1
Project("{FAE04EC0-301F-11D3-BF4B-00C04F79EFBC}") = "Lab1.3", "Lab1.3.csproj", "{B9BFE5BA-BAC8-4F0F-AD17-8793D6448219}"
EndProject
Global
	GlobalSection(SolutionConfigurationPlatforms) = preSolution
		Debug|Any CPU = Debug|Any CPU
		Release|Any CPU = Release|Any CPU
	EndGlobalSection
	GlobalSection(ProjectConfigurationPlatforms) = postSolution
		{B9BFE5BA-BAC8-4F0F-AD17-8793D6448219}.Debug|Any CPU.ActiveCfg = Debug|Any CPU
		{B9BFE5BA-BAC8-4F0F-AD17-8793D6448219}.Debug|Any CPU.Build.0 = Debug|Any CPU
		{B9BFE5BA-BAC8-4F0F-AD17-8793D6448219}.Release|Any CPU.ActiveCfg = Release|Any CPU
		{B9BFE5BA-BAC8-4F0F-AD17-8793D6448219}.Release|Any CPU.Build.0 = Release|Any CPU
	EndGlobalSection
	GlobalSection(SolutionProperties) = preSolution
		HideSolutionNode = FALSE
	EndGlobalSection
	GlobalSection(ExtensibilityGlobals) = postSolution
		SolutionGuid = {CFDE0AFF-CAEA-497F-8FEA-A5FA9BDA9DA6}
	EndGlobalSection
EndGlobal
