
Microsoft Visual Studio Solution File, Format Version 12.00
# Visual Studio Version 17
VisualStudioVersion = 17.14.36414.22 d17.14
MinimumVisualStudioVersion = 10.0.40219.1
Project("{FAE04EC0-301F-11D3-BF4B-00C04F79EFBC}") = "Lab 1.4", "Lab 1.4.csproj", "{C2F7B92D-D09C-4758-89D4-9D88908A0AF2}"
EndProject
Global
	GlobalSection(SolutionConfigurationPlatforms) = preSolution
		Debug|Any CPU = Debug|Any CPU
		Release|Any CPU = Release|Any CPU
	EndGlobalSection
	GlobalSection(ProjectConfigurationPlatforms) = postSolution
		{C2F7B92D-D09C-4758-89D4-9D88908A0AF2}.Debug|Any CPU.ActiveCfg = Debug|Any CPU
		{C2F7B92D-D09C-4758-89D4-9D88908A0AF2}.Debug|Any CPU.Build.0 = Debug|Any CPU
		{C2F7B92D-D09C-4758-89D4-9D88908A0AF2}.Release|Any CPU.ActiveCfg = Release|Any CPU
		{C2F7B92D-D09C-4758-89D4-9D88908A0AF2}.Release|Any CPU.Build.0 = Release|Any CPU
	EndGlobalSection
	GlobalSection(SolutionProperties) = preSolution
		HideSolutionNode = FALSE
	EndGlobalSection
	GlobalSection(ExtensibilityGlobals) = postSolution
		SolutionGuid = {4900FCAC-C25C-477A-8850-54FF1F0BAE2A}
	EndGlobalSection
EndGlobal
