
Microsoft Visual Studio Solution File, Format Version 12.00
# Visual Studio Version 17
VisualStudioVersion = 17.14.36414.22 d17.14
MinimumVisualStudioVersion = 10.0.40219.1
Project("{FAE04EC0-301F-11D3-BF4B-00C04F79EFBC}") = "Lab1.1", "Lab1.1.csproj", "{34A4C70F-00B1-44D3-A313-59B229BED309}"
EndProject
Global
	GlobalSection(SolutionConfigurationPlatforms) = preSolution
		Debug|Any CPU = Debug|Any CPU
		Release|Any CPU = Release|Any CPU
	EndGlobalSection
	GlobalSection(ProjectConfigurationPlatforms) = postSolution
		{34A4C70F-00B1-44D3-A313-59B229BED309}.Debug|Any CPU.ActiveCfg = Debug|Any CPU
		{34A4C70F-00B1-44D3-A313-59B229BED309}.Debug|Any CPU.Build.0 = Debug|Any CPU
		{34A4C70F-00B1-44D3-A313-59B229BED309}.Release|Any CPU.ActiveCfg = Release|Any CPU
		{34A4C70F-00B1-44D3-A313-59B229BED309}.Release|Any CPU.Build.0 = Release|Any CPU
	EndGlobalSection
	GlobalSection(SolutionProperties) = preSolution
		HideSolutionNode = FALSE
	EndGlobalSection
	GlobalSection(ExtensibilityGlobals) = postSolution
		SolutionGuid = {8B3B7A21-A014-46F3-8E0D-B5DD353BC684}
	EndGlobalSection
EndGlobal
